{
  "name": "minme",
  "version": "1.0.0",
  "lockfileVersion": 3,
  "requires": true,
  "packages": {
    "": {
      "name": "minme",
      "version": "1.0.0",
      "license": "ISC",
      "dependencies": {
        "babylon": "^6.18.0",
        "babylonjs": "^6.46.1",
        "babylonjs-loaders": "^6.46.1"
      }
    },
    "node_modules/babylon": {
      "version": "6.18.0",
      "resolved": "https://registry.npmjs.org/babylon/-/babylon-6.18.0.tgz",
      "integrity": "sha512-q/UEjfGJ2Cm3oKV71DJz9d25TPnq5rhBVL2Q4fA5wcC3jcrdn7+SssEybFIxwAvvP+YCsCYNKughoF33GxgycQ==",
      "bin": {
        "babylon": "bin/babylon.js"
      }
    },
    "node_modules/babylonjs": {
      "version": "6.46.1",
      "resolved": "https://registry.npmjs.org/babylonjs/-/babylonjs-6.46.1.tgz",
      "integrity": "sha512-UiXeoIP+xGdq0oBgQorcY2eOIGlCru8peTKJ3Z8+tLR6dp+icDxg7W+XEJqvT9eSd0f+IW1fTVJwvHQIr2IUQA==",
      "hasInstallScript": true
    },
    "node_modules/babylonjs-gltf2interface": {
      "version": "6.46.1",
      "resolved": "https://registry.npmjs.org/babylonjs-gltf2interface/-/babylonjs-gltf2interface-6.46.1.tgz",
      "integrity": "sha512-BOeuBMmbfZh33xvrrDmogvxOIg7VybFuLPGfSm4GQP0p1cNQ85WKaKbAk6zaN628LboqWYFORuMnp5qa5ObjpQ=="
    },
    "node_modules/babylonjs-loaders": {
      "version": "6.46.1",
      "resolved": "https://registry.npmjs.org/babylonjs-loaders/-/babylonjs-loaders-6.46.1.tgz",
      "integrity": "sha512-nUTGCZjSS2yT0IX3STDVebS6M5nOc/vnhy4bRh/d4FMt/9cB8+GcXPf2kKPZfsy5AdPKT/hyPvo1+ULWCd5APg==",
      "dependencies": {
        "babylonjs": "^6.46.1",
        "babylonjs-gltf2interface": "^6.46.1"
      }
    }
  }
}
